github.com/vulkan-go/vulkan v0.0.0-20220916223707-3ea69233b9d2 h1:PS3d1+TTLuWkae7njZu+RAs9j8s9phKJ2ElSxq2r1t0=
github.com/vulkan-go/vulkan v0.0.0-20220916223707-3ea69233b9d2/go.mod h1:Y5Ti1uUBdKDsb0W8aPtIo9krs+29Y7p6Bc9yyy4AM6g=
github.com/xlab/linmath v0.0.0-20220922225318-40b6290c3b40 h1:FmU7+0eD5GaZzxlbNxVMiC7th7/7qHtskrkWt0ltFkU=
github.com/xlab/linmath v0.0.0-20220922225318-40b6290c3b40/go.mod h1:W1rLjlRa7JX2fcoZ4tb3ZkxuwI6pEX/JkDLPxe1/R1g=
